
Microsoft Visual Studio Solution File, Format Version 12.00
# Visual Studio Version 16
VisualStudioVersion = 16.0.31424.327
MinimumVisualStudioVersion = 10.0.40219.1
Project("{FAE04EC0-301F-11D3-BF4B-00C04F79EFBC}") = "ITB", "ITB\ITB.csproj", "{5CC10E7E-7C7B-4250-BCBE-2528BCBD71D5}"
EndProject
Global
	GlobalSection(SolutionConfigurationPlatforms) = preSolution
		Debug|Any CPU = Debug|Any CPU
		Debug|x64 = Debug|x64
		Release|Any CPU = Release|Any CPU
		Release|x64 = Release|x64
	EndGlobalSection
	GlobalSection(ProjectConfigurationPlatforms) = postSolution
		{5CC10E7E-7C7B-4250-BCBE-2528BCBD71D5}.Debug|Any CPU.ActiveCfg = Debug|Any CPU
		{5CC10E7E-7C7B-4250-BCBE-2528BCBD71D5}.Debug|Any CPU.Build.0 = Debug|Any CPU
		{5CC10E7E-7C7B-4250-BCBE-2528BCBD71D5}.Debug|x64.ActiveCfg = Debug|Any CPU
		{5CC10E7E-7C7B-4250-BCBE-2528BCBD71D5}.Debug|x64.Build.0 = Debug|Any CPU
		{5CC10E7E-7C7B-4250-BCBE-2528BCBD71D5}.Release|Any CPU.ActiveCfg = Release|Any CPU
		{5CC10E7E-7C7B-4250-BCBE-2528BCBD71D5}.Release|Any CPU.Build.0 = Release|Any CPU
		{5CC10E7E-7C7B-4250-BCBE-2528BCBD71D5}.Release|x64.ActiveCfg = Release|Any CPU
		{5CC10E7E-7C7B-4250-BCBE-2528BCBD71D5}.Release|x64.Build.0 = Release|Any CPU
	EndGlobalSection
	GlobalSection(SolutionProperties) = preSolution
		HideSolutionNode = FALSE
	EndGlobalSection
	GlobalSection(ExtensibilityGlobals) = postSolution
		SolutionGuid = {4ED1A6F6-632B-4861-8166-928CD81C5E89}
	EndGlobalSection
EndGlobal
